{
  "originHash" : "47763dcdc4bf64d5e43540b3b4298547af463631a4db545f4febfeccc97c30d6",
  "pins" : [
    {
      "identity" : "qrcode",
      "kind" : "remoteSourceControl",
      "location" : "https://github.com/dagronf/QRCode.git",
      "state" : {
        "revision" : "e7bcd89a987cf43bc64e414f3e26cb8eded8ae1e",
        "version" : "20.5.0"
      }
    },
    {
      "identity" : "swift-qrcode-generator",
      "kind" : "remoteSourceControl",
      "location" : "https://github.com/dagronf/swift-qrcode-generator",
      "state" : {
        "revision" : "2b1980b825f08a81ccc762b0c4d17fcde9d5e953",
        "version" : "2.0.2"
      }
    },
    {
      "identity" : "swiftimagereadwrite",
      "kind" : "remoteSourceControl",
      "location" : "https://github.com/dagronf/SwiftImageReadWrite",
      "state" : {
        "revision" : "42ace2412279f18bc264bc306e96b51c36e12a33",
        "version" : "1.9.2"
      }
    }
  ],
  "version" : 3
}
